
Microsoft Visual Studio Solution File, Format Version 12.00
# Visual Studio 14
VisualStudioVersion = 14.0.23107.0
MinimumVisualStudioVersion = 10.0.40219.1
Project("{FAE04EC0-301F-11D3-BF4B-00C04F79EFBC}") = "Ex2", "Ex2\Ex2.csproj", "{ED3D885D-38CE-43E8-A68B-DC396A3A5159}"
EndProject
Project("{FAE04EC0-301F-11D3-BF4B-00C04F79EFBC}") = "UnitTestEx2", "UnitTestEx2\UnitTestEx2.csproj", "{F10FF612-2966-4850-A631-33F555CF8CCF}"
EndProject
Global
	GlobalSection(SolutionConfigurationPlatforms) = preSolution
		Debug|Any CPU = Debug|Any CPU
		Release|Any CPU = Release|Any CPU
	EndGlobalSection
	GlobalSection(ProjectConfigurationPlatforms) = postSolution
		{ED3D885D-38CE-43E8-A68B-DC396A3A5159}.Debug|Any CPU.ActiveCfg = Debug|Any CPU
		{ED3D885D-38CE-43E8-A68B-DC396A3A5159}.Debug|Any CPU.Build.0 = Debug|Any CPU
		{ED3D885D-38CE-43E8-A68B-DC396A3A5159}.Release|Any CPU.ActiveCfg = Release|Any CPU
		{ED3D885D-38CE-43E8-A68B-DC396A3A5159}.Release|Any CPU.Build.0 = Release|Any CPU
		{F10FF612-2966-4850-A631-33F555CF8CCF}.Debug|Any CPU.ActiveCfg = Debug|Any CPU
		{F10FF612-2966-4850-A631-33F555CF8CCF}.Debug|Any CPU.Build.0 = Debug|Any CPU
		{F10FF612-2966-4850-A631-33F555CF8CCF}.Release|Any CPU.ActiveCfg = Release|Any CPU
		{F10FF612-2966-4850-A631-33F555CF8CCF}.Release|Any CPU.Build.0 = Release|Any CPU
	EndGlobalSection
	GlobalSection(SolutionProperties) = preSolution
		HideSolutionNode = FALSE
	EndGlobalSection
EndGlobal
